
Microsoft Visual Studio Solution File, Format Version 12.00
# Visual Studio Version 16
VisualStudioVersion = 16.0.33214.272
MinimumVisualStudioVersion = 10.0.40219.1
Project("{FAE04EC0-301F-11D3-BF4B-00C04F79EFBC}") = "C2", "C2.csproj", "{C90FFCE8-2D1F-4610-8FD2-DDBBD3B41BCD}"
EndProject
Global
	GlobalSection(SolutionConfigurationPlatforms) = preSolution
		Debug|Any CPU = Debug|Any CPU
		Release|Any CPU = Release|Any CPU
	EndGlobalSection
	GlobalSection(ProjectConfigurationPlatforms) = postSolution
		{C90FFCE8-2D1F-4610-8FD2-DDBBD3B41BCD}.Debug|Any CPU.ActiveCfg = Debug|Any CPU
		{C90FFCE8-2D1F-4610-8FD2-DDBBD3B41BCD}.Debug|Any CPU.Build.0 = Debug|Any CPU
		{C90FFCE8-2D1F-4610-8FD2-DDBBD3B41BCD}.Release|Any CPU.ActiveCfg = Release|Any CPU
		{C90FFCE8-2D1F-4610-8FD2-DDBBD3B41BCD}.Release|Any CPU.Build.0 = Release|Any CPU
	EndGlobalSection
	GlobalSection(SolutionProperties) = preSolution
		HideSolutionNode = FALSE
	EndGlobalSection
	GlobalSection(ExtensibilityGlobals) = postSolution
		SolutionGuid = {A23F427A-01E3-4DA9-A1F4-22BAFD548321}
	EndGlobalSection
EndGlobal
